
Microsoft Visual Studio Solution File, Format Version 12.00
# Visual Studio Version 16
VisualStudioVersion = 16.0.29418.71
MinimumVisualStudioVersion = 10.0.40219.1
Project("{FAE04EC0-301F-11D3-BF4B-00C04F79EFBC}") = "EducationApp.PresentationLayer", "EducationApp.PresentationLayer\EducationApp.PresentationLayer.csproj", "{F95AB665-C05E-4FF5-AB74-BFA8CC24809C}"
EndProject
Project("{FAE04EC0-301F-11D3-BF4B-00C04F79EFBC}") = "EducationApp.BusinessLogicLayer", "EducationApp.BusinessLogicLayer\EducationApp.BusinessLogicLayer.csproj", "{F89F680A-9C76-409B-9D4E-9318CFD44639}"
EndProject
Project("{FAE04EC0-301F-11D3-BF4B-00C04F79EFBC}") = "EducationApp.DataAccessLayer", "EducationApp.DataAccessLayer\EducationApp.DataAccessLayer.csproj", "{CFA8C152-8CAA-48ED-AD6F-4CE3339F79BE}"
EndProject
Global
	GlobalSection(SolutionConfigurationPlatforms) = preSolution
		Debug|Any CPU = Debug|Any CPU
		Release|Any CPU = Release|Any CPU
	EndGlobalSection
	GlobalSection(ProjectConfigurationPlatforms) = postSolution
		{F95AB665-C05E-4FF5-AB74-BFA8CC24809C}.Debug|Any CPU.ActiveCfg = Debug|Any CPU
		{F95AB665-C05E-4FF5-AB74-BFA8CC24809C}.Debug|Any CPU.Build.0 = Debug|Any CPU
		{F95AB665-C05E-4FF5-AB74-BFA8CC24809C}.Release|Any CPU.ActiveCfg = Release|Any CPU
		{F95AB665-C05E-4FF5-AB74-BFA8CC24809C}.Release|Any CPU.Build.0 = Release|Any CPU
		{F89F680A-9C76-409B-9D4E-9318CFD44639}.Debug|Any CPU.ActiveCfg = Debug|Any CPU
		{F89F680A-9C76-409B-9D4E-9318CFD44639}.Debug|Any CPU.Build.0 = Debug|Any CPU
		{F89F680A-9C76-409B-9D4E-9318CFD44639}.Release|Any CPU.ActiveCfg = Release|Any CPU
		{F89F680A-9C76-409B-9D4E-9318CFD44639}.Release|Any CPU.Build.0 = Release|Any CPU
		{CFA8C152-8CAA-48ED-AD6F-4CE3339F79BE}.Debug|Any CPU.ActiveCfg = Debug|Any CPU
		{CFA8C152-8CAA-48ED-AD6F-4CE3339F79BE}.Debug|Any CPU.Build.0 = Debug|Any CPU
		{CFA8C152-8CAA-48ED-AD6F-4CE3339F79BE}.Release|Any CPU.ActiveCfg = Release|Any CPU
		{CFA8C152-8CAA-48ED-AD6F-4CE3339F79BE}.Release|Any CPU.Build.0 = Release|Any CPU
	EndGlobalSection
	GlobalSection(SolutionProperties) = preSolution
		HideSolutionNode = FALSE
	EndGlobalSection
	GlobalSection(ExtensibilityGlobals) = postSolution
		SolutionGuid = {7EA0711A-0DF9-49B7-AE8E-FD27DC34495E}
	EndGlobalSection
EndGlobal
